
Microsoft Visual Studio Solution File, Format Version 12.00
# Visual Studio Version 17
VisualStudioVersion = 17.9.34622.214
MinimumVisualStudioVersion = 10.0.40219.1
Project("{FAE04EC0-301F-11D3-BF4B-00C04F79EFBC}") = "NotificationBot", "NotificationBot\NotificationBot.csproj", "{ED7A8038-AC9C-4ECA-B943-F6662980C828}"
EndProject
Project("{FAE04EC0-301F-11D3-BF4B-00C04F79EFBC}") = "MonitorQueueFunction", "MonitorQueueFunction\MonitorQueueFunction.csproj", "{7FFCBF13-7E74-4332-A267-F83100A8738E}"
EndProject
Project("{FAE04EC0-301F-11D3-BF4B-00C04F79EFBC}") = "API", "API\API.csproj", "{AFF199DC-29A0-40C4-8E53-CBB0D06BD940}"
EndProject
Global
	GlobalSection(SolutionConfigurationPlatforms) = preSolution
		Debug|Any CPU = Debug|Any CPU
		Release|Any CPU = Release|Any CPU
	EndGlobalSection
	GlobalSection(ProjectConfigurationPlatforms) = postSolution
		{ED7A8038-AC9C-4ECA-B943-F6662980C828}.Debug|Any CPU.ActiveCfg = Debug|Any CPU
		{ED7A8038-AC9C-4ECA-B943-F6662980C828}.Debug|Any CPU.Build.0 = Debug|Any CPU
		{ED7A8038-AC9C-4ECA-B943-F6662980C828}.Release|Any CPU.ActiveCfg = Release|Any CPU
		{ED7A8038-AC9C-4ECA-B943-F6662980C828}.Release|Any CPU.Build.0 = Release|Any CPU
		{7FFCBF13-7E74-4332-A267-F83100A8738E}.Debug|Any CPU.ActiveCfg = Debug|Any CPU
		{7FFCBF13-7E74-4332-A267-F83100A8738E}.Debug|Any CPU.Build.0 = Debug|Any CPU
		{7FFCBF13-7E74-4332-A267-F83100A8738E}.Release|Any CPU.ActiveCfg = Release|Any CPU
		{7FFCBF13-7E74-4332-A267-F83100A8738E}.Release|Any CPU.Build.0 = Release|Any CPU
		{AFF199DC-29A0-40C4-8E53-CBB0D06BD940}.Debug|Any CPU.ActiveCfg = Debug|Any CPU
		{AFF199DC-29A0-40C4-8E53-CBB0D06BD940}.Debug|Any CPU.Build.0 = Debug|Any CPU
		{AFF199DC-29A0-40C4-8E53-CBB0D06BD940}.Release|Any CPU.ActiveCfg = Release|Any CPU
		{AFF199DC-29A0-40C4-8E53-CBB0D06BD940}.Release|Any CPU.Build.0 = Release|Any CPU
	EndGlobalSection
	GlobalSection(SolutionProperties) = preSolution
		HideSolutionNode = FALSE
	EndGlobalSection
	GlobalSection(ExtensibilityGlobals) = postSolution
		SolutionGuid = {6CCDEB8E-FC80-42D1-9B39-855B78480959}
	EndGlobalSection
EndGlobal
